
Microsoft Visual Studio Solution File, Format Version 12.00
# Visual Studio Version 16
VisualStudioVersion = 16.0.31729.503
MinimumVisualStudioVersion = 10.0.40219.1
Project("{FAE04EC0-301F-11D3-BF4B-00C04F79EFBC}") = "PresentacionMovil", "PresentacionMovil\PresentacionMovil.csproj", "{4BF1AB14-AF3B-4A8A-9F62-106E5E3EC8D5}"
EndProject
Project("{FAE04EC0-301F-11D3-BF4B-00C04F79EFBC}") = "Entidades", "Entidades\Entidades.csproj", "{8F1F179B-F417-4FC3-8E2E-736DCC61C162}"
EndProject
Project("{FAE04EC0-301F-11D3-BF4B-00C04F79EFBC}") = "Datos", "Datos\Datos.csproj", "{DA2AE6D9-8DA3-4127-9B11-B0CB3F262492}"
EndProject
Project("{FAE04EC0-301F-11D3-BF4B-00C04F79EFBC}") = "Negocio", "Negocio\Negocio.csproj", "{A2208682-DD30-410B-8C33-C3C80A65791F}"
EndProject
Project("{FAE04EC0-301F-11D3-BF4B-00C04F79EFBC}") = "ServiciosWCF", "ServiciosWCF\ServiciosWCF.csproj", "{F3948010-75B2-478A-BD0E-D8F0532B5281}"
EndProject
Project("{FAE04EC0-301F-11D3-BF4B-00C04F79EFBC}") = "PresentacionEscritorio", "PresentacionEscritorio\PresentacionEscritorio.csproj", "{4B21F61F-8E63-4885-8AFB-896A12A66DC3}"
	ProjectSection(ProjectDependencies) = postProject
		{F3948010-75B2-478A-BD0E-D8F0532B5281} = {F3948010-75B2-478A-BD0E-D8F0532B5281}
	EndProjectSection
EndProject
Global
	GlobalSection(SolutionConfigurationPlatforms) = preSolution
		Debug|Any CPU = Debug|Any CPU
		Release|Any CPU = Release|Any CPU
	EndGlobalSection
	GlobalSection(ProjectConfigurationPlatforms) = postSolution
		{4BF1AB14-AF3B-4A8A-9F62-106E5E3EC8D5}.Debug|Any CPU.ActiveCfg = Debug|Any CPU
		{4BF1AB14-AF3B-4A8A-9F62-106E5E3EC8D5}.Debug|Any CPU.Build.0 = Debug|Any CPU
		{4BF1AB14-AF3B-4A8A-9F62-106E5E3EC8D5}.Debug|Any CPU.Deploy.0 = Debug|Any CPU
		{4BF1AB14-AF3B-4A8A-9F62-106E5E3EC8D5}.Release|Any CPU.ActiveCfg = Release|Any CPU
		{4BF1AB14-AF3B-4A8A-9F62-106E5E3EC8D5}.Release|Any CPU.Build.0 = Release|Any CPU
		{4BF1AB14-AF3B-4A8A-9F62-106E5E3EC8D5}.Release|Any CPU.Deploy.0 = Release|Any CPU
		{8F1F179B-F417-4FC3-8E2E-736DCC61C162}.Debug|Any CPU.ActiveCfg = Debug|Any CPU
		{8F1F179B-F417-4FC3-8E2E-736DCC61C162}.Debug|Any CPU.Build.0 = Debug|Any CPU
		{8F1F179B-F417-4FC3-8E2E-736DCC61C162}.Release|Any CPU.ActiveCfg = Release|Any CPU
		{8F1F179B-F417-4FC3-8E2E-736DCC61C162}.Release|Any CPU.Build.0 = Release|Any CPU
		{DA2AE6D9-8DA3-4127-9B11-B0CB3F262492}.Debug|Any CPU.ActiveCfg = Debug|Any CPU
		{DA2AE6D9-8DA3-4127-9B11-B0CB3F262492}.Debug|Any CPU.Build.0 = Debug|Any CPU
		{DA2AE6D9-8DA3-4127-9B11-B0CB3F262492}.Release|Any CPU.ActiveCfg = Release|Any CPU
		{DA2AE6D9-8DA3-4127-9B11-B0CB3F262492}.Release|Any CPU.Build.0 = Release|Any CPU
		{A2208682-DD30-410B-8C33-C3C80A65791F}.Debug|Any CPU.ActiveCfg = Debug|Any CPU
		{A2208682-DD30-410B-8C33-C3C80A65791F}.Debug|Any CPU.Build.0 = Debug|Any CPU
		{A2208682-DD30-410B-8C33-C3C80A65791F}.Release|Any CPU.ActiveCfg = Release|Any CPU
		{A2208682-DD30-410B-8C33-C3C80A65791F}.Release|Any CPU.Build.0 = Release|Any CPU
		{F3948010-75B2-478A-BD0E-D8F0532B5281}.Debug|Any CPU.ActiveCfg = Debug|Any CPU
		{F3948010-75B2-478A-BD0E-D8F0532B5281}.Debug|Any CPU.Build.0 = Debug|Any CPU
		{F3948010-75B2-478A-BD0E-D8F0532B5281}.Release|Any CPU.ActiveCfg = Release|Any CPU
		{F3948010-75B2-478A-BD0E-D8F0532B5281}.Release|Any CPU.Build.0 = Release|Any CPU
		{4B21F61F-8E63-4885-8AFB-896A12A66DC3}.Debug|Any CPU.ActiveCfg = Debug|Any CPU
		{4B21F61F-8E63-4885-8AFB-896A12A66DC3}.Debug|Any CPU.Build.0 = Debug|Any CPU
		{4B21F61F-8E63-4885-8AFB-896A12A66DC3}.Release|Any CPU.ActiveCfg = Release|Any CPU
		{4B21F61F-8E63-4885-8AFB-896A12A66DC3}.Release|Any CPU.Build.0 = Release|Any CPU
	EndGlobalSection
	GlobalSection(SolutionProperties) = preSolution
		HideSolutionNode = FALSE
	EndGlobalSection
	GlobalSection(ExtensibilityGlobals) = postSolution
		SolutionGuid = {D44D83BC-3C01-4707-9D50-820466B50B9D}
	EndGlobalSection
EndGlobal
